
Microsoft Visual Studio Solution File, Format Version 12.00
Project("{FAE04EC0-301F-11D3-BF4B-00C04F79EFBC}") = "DemoWEBAPI", "DemoWEBAPI\DemoWEBAPI.csproj", "{4E408C44-A357-4F9B-9A11-B8055D57BA3B}"
EndProject
Global
	GlobalSection(SolutionConfigurationPlatforms) = preSolution
		Debug|Any CPU = Debug|Any CPU
		Release|Any CPU = Release|Any CPU
	EndGlobalSection
	GlobalSection(ProjectConfigurationPlatforms) = postSolution
		{4E408C44-A357-4F9B-9A11-B8055D57BA3B}.Debug|Any CPU.ActiveCfg = Debug|Any CPU
		{4E408C44-A357-4F9B-9A11-B8055D57BA3B}.Debug|Any CPU.Build.0 = Debug|Any CPU
		{4E408C44-A357-4F9B-9A11-B8055D57BA3B}.Release|Any CPU.ActiveCfg = Release|Any CPU
		{4E408C44-A357-4F9B-9A11-B8055D57BA3B}.Release|Any CPU.Build.0 = Release|Any CPU
	EndGlobalSection
EndGlobal
